
Microsoft Visual Studio Solution File, Format Version 12.00
# Visual Studio Version 17
VisualStudioVersion = 17.6.33801.468
MinimumVisualStudioVersion = 10.0.40219.1
Project("{FAE04EC0-301F-11D3-BF4B-00C04F79EFBC}") = "Backend", "Backend\Backend.csproj", "{83C730FA-3CE6-410C-9638-FA277DD6F84F}"
EndProject
Project("{FAE04EC0-301F-11D3-BF4B-00C04F79EFBC}") = "Frontend", "Frontend\Frontend.csproj", "{A0D6A738-F1FA-4AC9-97CE-8DE3CC8020CD}"
	ProjectSection(ProjectDependencies) = postProject
		{83C730FA-3CE6-410C-9638-FA277DD6F84F} = {83C730FA-3CE6-410C-9638-FA277DD6F84F}
	EndProjectSection
EndProject
Project("{FAE04EC0-301F-11D3-BF4B-00C04F79EFBC}") = "Models", "Models\Models.csproj", "{8EC59BEE-C972-40E7-9652-408474A21431}"
EndProject
Global
	GlobalSection(SolutionConfigurationPlatforms) = preSolution
		Debug|Any CPU = Debug|Any CPU
		Release|Any CPU = Release|Any CPU
	EndGlobalSection
	GlobalSection(ProjectConfigurationPlatforms) = postSolution
		{83C730FA-3CE6-410C-9638-FA277DD6F84F}.Debug|Any CPU.ActiveCfg = Debug|Any CPU
		{83C730FA-3CE6-410C-9638-FA277DD6F84F}.Debug|Any CPU.Build.0 = Debug|Any CPU
		{83C730FA-3CE6-410C-9638-FA277DD6F84F}.Release|Any CPU.ActiveCfg = Release|Any CPU
		{83C730FA-3CE6-410C-9638-FA277DD6F84F}.Release|Any CPU.Build.0 = Release|Any CPU
		{A0D6A738-F1FA-4AC9-97CE-8DE3CC8020CD}.Debug|Any CPU.ActiveCfg = Debug|Any CPU
		{A0D6A738-F1FA-4AC9-97CE-8DE3CC8020CD}.Debug|Any CPU.Build.0 = Debug|Any CPU
		{A0D6A738-F1FA-4AC9-97CE-8DE3CC8020CD}.Release|Any CPU.ActiveCfg = Release|Any CPU
		{A0D6A738-F1FA-4AC9-97CE-8DE3CC8020CD}.Release|Any CPU.Build.0 = Release|Any CPU
		{8EC59BEE-C972-40E7-9652-408474A21431}.Debug|Any CPU.ActiveCfg = Debug|Any CPU
		{8EC59BEE-C972-40E7-9652-408474A21431}.Debug|Any CPU.Build.0 = Debug|Any CPU
		{8EC59BEE-C972-40E7-9652-408474A21431}.Release|Any CPU.ActiveCfg = Release|Any CPU
		{8EC59BEE-C972-40E7-9652-408474A21431}.Release|Any CPU.Build.0 = Release|Any CPU
	EndGlobalSection
	GlobalSection(SolutionProperties) = preSolution
		HideSolutionNode = FALSE
	EndGlobalSection
	GlobalSection(ExtensibilityGlobals) = postSolution
		SolutionGuid = {2352D302-D5D2-4192-9CFB-A4C5DA1BF94E}
	EndGlobalSection
EndGlobal
